
Microsoft Visual Studio Solution File, Format Version 12.00
# Visual Studio 15
Project("{FAE04EC0-301F-11D3-BF4B-00C04F79EFBC}") = "SchoolScheduling", "SchoolScheduling.csproj", "{1FD00101-0B02-4FCE-8AA3-1851A4839BD2}"
EndProject
Global
	GlobalSection(SolutionConfigurationPlatforms) = preSolution
		Debug|Any CPU = Debug|Any CPU
		Release|Any CPU = Release|Any CPU
	EndGlobalSection
	GlobalSection(ProjectConfigurationPlatforms) = postSolution
		{1FD00101-0B02-4FCE-8AA3-1851A4839BD2}.Debug|Any CPU.ActiveCfg = Debug|Any CPU
		{1FD00101-0B02-4FCE-8AA3-1851A4839BD2}.Debug|Any CPU.Build.0 = Debug|Any CPU
		{1FD00101-0B02-4FCE-8AA3-1851A4839BD2}.Release|Any CPU.ActiveCfg = Release|Any CPU
		{1FD00101-0B02-4FCE-8AA3-1851A4839BD2}.Release|Any CPU.Build.0 = Release|Any CPU
	EndGlobalSection
EndGlobal
